
Microsoft Visual Studio Solution File, Format Version 12.00
# Visual Studio 2013
VisualStudioVersion = 12.0.31101.0
MinimumVisualStudioVersion = 10.0.40219.1
Project("{FAE04EC0-301F-11D3-BF4B-00C04F79EFBC}") = "WalkInMedicalClinic.WebUI", "WalkInMedicalClinic.WebUI\WalkInMedicalClinic.WebUI.csproj", "{91CBE9CA-1009-4410-BBB6-5ABF9B4F90D2}"
EndProject
Project("{FAE04EC0-301F-11D3-BF4B-00C04F79EFBC}") = "WalkInMedicalClinic.WebUI.Tests", "WalkInMedicalClinic.WebUI.Tests\WalkInMedicalClinic.WebUI.Tests.csproj", "{8367A98A-FBDF-4123-A065-A184CD3C7428}"
EndProject
Global
	GlobalSection(SolutionConfigurationPlatforms) = preSolution
		Debug|Any CPU = Debug|Any CPU
		Release|Any CPU = Release|Any CPU
	EndGlobalSection
	GlobalSection(ProjectConfigurationPlatforms) = postSolution
		{91CBE9CA-1009-4410-BBB6-5ABF9B4F90D2}.Debug|Any CPU.ActiveCfg = Debug|Any CPU
		{91CBE9CA-1009-4410-BBB6-5ABF9B4F90D2}.Debug|Any CPU.Build.0 = Debug|Any CPU
		{91CBE9CA-1009-4410-BBB6-5ABF9B4F90D2}.Release|Any CPU.ActiveCfg = Release|Any CPU
		{91CBE9CA-1009-4410-BBB6-5ABF9B4F90D2}.Release|Any CPU.Build.0 = Release|Any CPU
		{8367A98A-FBDF-4123-A065-A184CD3C7428}.Debug|Any CPU.ActiveCfg = Debug|Any CPU
		{8367A98A-FBDF-4123-A065-A184CD3C7428}.Debug|Any CPU.Build.0 = Debug|Any CPU
		{8367A98A-FBDF-4123-A065-A184CD3C7428}.Release|Any CPU.ActiveCfg = Release|Any CPU
		{8367A98A-FBDF-4123-A065-A184CD3C7428}.Release|Any CPU.Build.0 = Release|Any CPU
	EndGlobalSection
	GlobalSection(SolutionProperties) = preSolution
		HideSolutionNode = FALSE
	EndGlobalSection
EndGlobal
